{
  "name": "__test__",
  "version": "1.0.0",
  "lockfileVersion": 3,
  "requires": true,
  "packages": {
    "": {
      "name": "__test__",
      "version": "1.0.0",
      "license": "MIT",
      "dependencies": {
        "@blackfiredev12/utils": "^0.0.1"
      }
    },
    "node_modules/@blackfiredev12/utils": {
      "version": "0.0.1",
      "resolved": "https://registry.npmjs.org/@blackfiredev12/utils/-/utils-0.0.1.tgz",
      "integrity": "sha512-Lf6aOCx4rnr5vim4vqzm/WZYH2PuVWN3bJ7ZavcMAnUpgYg0uK1Xjk9+3zMJRrOtOcPI3rZ/S2GZI2u40rZZaw=="
    }
  }
}
